
Microsoft Visual Studio Solution File, Format Version 12.00
# Visual Studio 2012
Project("{FAE04EC0-301F-11D3-BF4B-00C04F79EFBC}") = "SpotifyRemoteWebServer", "SpotifyRemoteWebServer\SpotifyRemoteWebServer.csproj", "{DD55B02E-EA9F-43CE-9435-F8FA1F7DC704}"
EndProject
Global
	GlobalSection(SolutionConfigurationPlatforms) = preSolution
		Debug|Any CPU = Debug|Any CPU
		Debug|x86 = Debug|x86
		Release|Any CPU = Release|Any CPU
		Release|x86 = Release|x86
	EndGlobalSection
	GlobalSection(ProjectConfigurationPlatforms) = postSolution
		{DD55B02E-EA9F-43CE-9435-F8FA1F7DC704}.Debug|Any CPU.ActiveCfg = Debug|Any CPU
		{DD55B02E-EA9F-43CE-9435-F8FA1F7DC704}.Debug|Any CPU.Build.0 = Debug|Any CPU
		{DD55B02E-EA9F-43CE-9435-F8FA1F7DC704}.Debug|x86.ActiveCfg = Debug|x86
		{DD55B02E-EA9F-43CE-9435-F8FA1F7DC704}.Debug|x86.Build.0 = Debug|x86
		{DD55B02E-EA9F-43CE-9435-F8FA1F7DC704}.Release|Any CPU.ActiveCfg = Release|Any CPU
		{DD55B02E-EA9F-43CE-9435-F8FA1F7DC704}.Release|Any CPU.Build.0 = Release|Any CPU
		{DD55B02E-EA9F-43CE-9435-F8FA1F7DC704}.Release|x86.ActiveCfg = Release|x86
		{DD55B02E-EA9F-43CE-9435-F8FA1F7DC704}.Release|x86.Build.0 = Release|x86
	EndGlobalSection
	GlobalSection(SolutionProperties) = preSolution
		HideSolutionNode = FALSE
	EndGlobalSection
EndGlobal
